
Microsoft Visual Studio Solution File, Format Version 12.00
# RemObjects Fire
Project("{656346D9-4656-40DA-A068-22D5425D4639}") = "ExampleApp", "ExampleApp.elements", "{8D3DA0E6-7BA5-43C2-92D2-1D1B082E2765}"
EndProject
Global
	GlobalSection(SolutionConfigurationPlatforms) = preSolution
		Debug|AnyCPU = Debug|AnyCPU
		Release|AnyCPU = Release|AnyCPU
	EndGlobalSection
	GlobalSection(ProjectConfigurationPlatforms) = postSolution
		{8D3DA0E6-7BA5-43C2-92D2-1D1B082E2765}.Debug|AnyCPU.ActiveCfg = Debug|AnyCPU
		{8D3DA0E6-7BA5-43C2-92D2-1D1B082E2765}.Debug|AnyCPU.Build.0 = Debug|AnyCPU
		{8D3DA0E6-7BA5-43C2-92D2-1D1B082E2765}.Release|AnyCPU.ActiveCfg = Release|AnyCPU
		{8D3DA0E6-7BA5-43C2-92D2-1D1B082E2765}.Release|AnyCPU.Build.0 = Release|AnyCPU
	EndGlobalSection
	GlobalSection(SolutionProperties) = preSolution
		HideSolutionNode = FALSE
	EndGlobalSection
EndGlobal